
Microsoft Visual Studio Solution File, Format Version 12.00
# Visual Studio Version 16
VisualStudioVersion = 16.0.31515.178
MinimumVisualStudioVersion = 10.0.40219.1
Project("{FAE04EC0-301F-11D3-BF4B-00C04F79EFBC}") = "BlazorEdgeNewTab", "BlazorEdgeNewTab\BlazorEdgeNewTab.csproj", "{C6596EC3-DEF2-4924-9C8E-B21F335B4295}"
EndProject
Global
	GlobalSection(SolutionConfigurationPlatforms) = preSolution
		Debug|Any CPU = Debug|Any CPU
		Release|Any CPU = Release|Any CPU
	EndGlobalSection
	GlobalSection(ProjectConfigurationPlatforms) = postSolution
		{C6596EC3-DEF2-4924-9C8E-B21F335B4295}.Debug|Any CPU.ActiveCfg = Debug|Any CPU
		{C6596EC3-DEF2-4924-9C8E-B21F335B4295}.Debug|Any CPU.Build.0 = Debug|Any CPU
		{C6596EC3-DEF2-4924-9C8E-B21F335B4295}.Release|Any CPU.ActiveCfg = Release|Any CPU
		{C6596EC3-DEF2-4924-9C8E-B21F335B4295}.Release|Any CPU.Build.0 = Release|Any CPU
	EndGlobalSection
	GlobalSection(SolutionProperties) = preSolution
		HideSolutionNode = FALSE
	EndGlobalSection
	GlobalSection(ExtensibilityGlobals) = postSolution
		SolutionGuid = {4C19C0AF-2664-4CCC-A96C-707B993B5852}
	EndGlobalSection
EndGlobal
